
Microsoft Visual Studio Solution File, Format Version 12.00
# Visual Studio 15
VisualStudioVersion = 15.0.28307.1000
MinimumVisualStudioVersion = 10.0.40219.1
Project("{FAE04EC0-301F-11D3-BF4B-00C04F79EFBC}") = "Capa_Datos", "Capa_Datos\Capa_Datos.csproj", "{88BE7E68-5398-4A2F-B613-AD5F073E4FB0}"
EndProject
Project("{FAE04EC0-301F-11D3-BF4B-00C04F79EFBC}") = "Capa_Negocio", "Capa_Negocio\Capa_Negocio.csproj", "{092D16D5-4F83-477A-B2EA-B198573894A4}"
EndProject
Project("{FAE04EC0-301F-11D3-BF4B-00C04F79EFBC}") = "Capa_Presentacion", "Capa_Presentacion\Capa_Presentacion.csproj", "{EAEF243B-6A9E-4E81-8D6B-8A89B081D526}"
EndProject
Global
	GlobalSection(SolutionConfigurationPlatforms) = preSolution
		Debug|Any CPU = Debug|Any CPU
		Release|Any CPU = Release|Any CPU
	EndGlobalSection
	GlobalSection(ProjectConfigurationPlatforms) = postSolution
		{88BE7E68-5398-4A2F-B613-AD5F073E4FB0}.Debug|Any CPU.ActiveCfg = Debug|Any CPU
		{88BE7E68-5398-4A2F-B613-AD5F073E4FB0}.Debug|Any CPU.Build.0 = Debug|Any CPU
		{88BE7E68-5398-4A2F-B613-AD5F073E4FB0}.Release|Any CPU.ActiveCfg = Release|Any CPU
		{88BE7E68-5398-4A2F-B613-AD5F073E4FB0}.Release|Any CPU.Build.0 = Release|Any CPU
		{092D16D5-4F83-477A-B2EA-B198573894A4}.Debug|Any CPU.ActiveCfg = Debug|Any CPU
		{092D16D5-4F83-477A-B2EA-B198573894A4}.Debug|Any CPU.Build.0 = Debug|Any CPU
		{092D16D5-4F83-477A-B2EA-B198573894A4}.Release|Any CPU.ActiveCfg = Release|Any CPU
		{092D16D5-4F83-477A-B2EA-B198573894A4}.Release|Any CPU.Build.0 = Release|Any CPU
		{EAEF243B-6A9E-4E81-8D6B-8A89B081D526}.Debug|Any CPU.ActiveCfg = Debug|Any CPU
		{EAEF243B-6A9E-4E81-8D6B-8A89B081D526}.Debug|Any CPU.Build.0 = Debug|Any CPU
		{EAEF243B-6A9E-4E81-8D6B-8A89B081D526}.Release|Any CPU.ActiveCfg = Release|Any CPU
		{EAEF243B-6A9E-4E81-8D6B-8A89B081D526}.Release|Any CPU.Build.0 = Release|Any CPU
	EndGlobalSection
	GlobalSection(SolutionProperties) = preSolution
		HideSolutionNode = FALSE
	EndGlobalSection
	GlobalSection(ExtensibilityGlobals) = postSolution
		SolutionGuid = {8F71A50C-5795-4CA5-88DE-93F8B351D143}
	EndGlobalSection
EndGlobal
